{
  "name": "mypackage",
  "version": "1.0.0",
  "lockfileVersion": 1,
  "requires": true,
  "dependencies": {
    "@types/angular": {
      "version": "1.6.52",
      "resolved": "https://registry.npmjs.org/@types/angular/-/angular-1.6.52.tgz",
      "integrity": "sha1-e7s6RhOVlLUJNiNKCeLjPy9UAvc=",
      "dev": true
    },
    "@types/jquery": {
      "version": "3.3.28",
      "resolved": "https://registry.npmjs.org/@types/jquery/-/jquery-3.3.28.tgz",
      "integrity": "sha1-5OThpyqJC51fzjQBnZYSZd0TlMQ=",
      "dev": true,
      "requires": {
        "@types/sizzle": "*"
      }
    },
    "@types/sizzle": {
      "version": "2.3.2",
      "resolved": "https://registry.npmjs.org/@types/sizzle/-/sizzle-2.3.2.tgz",
      "integrity": "sha1-qBG4wY4rq6t9VCszZYh64uTZ3kc=",
      "dev": true
    }
  }
}
